
Microsoft Visual Studio Solution File, Format Version 12.00
# Visual Studio Version 17
VisualStudioVersion = 17.4.33213.308
MinimumVisualStudioVersion = 10.0.40219.1
Project("{9A19103F-16F7-4668-BE54-9A1E7A4F7556}") = "GuessANumber", "Guess A Number\GuessANumber.csproj", "{D39225E7-DBB2-44D4-B6D5-DCBAC286A4AA}"
EndProject
Global
	GlobalSection(SolutionConfigurationPlatforms) = preSolution
		Debug|Any CPU = Debug|Any CPU
		Release|Any CPU = Release|Any CPU
	EndGlobalSection
	GlobalSection(ProjectConfigurationPlatforms) = postSolution
		{D39225E7-DBB2-44D4-B6D5-DCBAC286A4AA}.Debug|Any CPU.ActiveCfg = Debug|Any CPU
		{D39225E7-DBB2-44D4-B6D5-DCBAC286A4AA}.Debug|Any CPU.Build.0 = Debug|Any CPU
		{D39225E7-DBB2-44D4-B6D5-DCBAC286A4AA}.Release|Any CPU.ActiveCfg = Release|Any CPU
		{D39225E7-DBB2-44D4-B6D5-DCBAC286A4AA}.Release|Any CPU.Build.0 = Release|Any CPU
	EndGlobalSection
	GlobalSection(SolutionProperties) = preSolution
		HideSolutionNode = FALSE
	EndGlobalSection
	GlobalSection(ExtensibilityGlobals) = postSolution
		SolutionGuid = {08862139-DD8F-4D9C-9FEC-F3B3D4E4EAAB}
	EndGlobalSection
EndGlobal
